
Microsoft Visual Studio Solution File, Format Version 12.00
# Visual Studio Version 17
VisualStudioVersion = 17.11.35303.130
MinimumVisualStudioVersion = 10.0.40219.1
Project("{9A19103F-16F7-4668-BE54-9A1E7A4F7556}") = "HYCM20240904", "HYCM20240904.csproj", "{61C09680-48CA-4771-BC4A-F9ADD09573A2}"
EndProject
Global
	GlobalSection(SolutionConfigurationPlatforms) = preSolution
		Debug|Any CPU = Debug|Any CPU
		Release|Any CPU = Release|Any CPU
	EndGlobalSection
	GlobalSection(ProjectConfigurationPlatforms) = postSolution
		{61C09680-48CA-4771-BC4A-F9ADD09573A2}.Debug|Any CPU.ActiveCfg = Debug|Any CPU
		{61C09680-48CA-4771-BC4A-F9ADD09573A2}.Debug|Any CPU.Build.0 = Debug|Any CPU
		{61C09680-48CA-4771-BC4A-F9ADD09573A2}.Release|Any CPU.ActiveCfg = Release|Any CPU
		{61C09680-48CA-4771-BC4A-F9ADD09573A2}.Release|Any CPU.Build.0 = Release|Any CPU
	EndGlobalSection
	GlobalSection(SolutionProperties) = preSolution
		HideSolutionNode = FALSE
	EndGlobalSection
	GlobalSection(ExtensibilityGlobals) = postSolution
		SolutionGuid = {CCE6DBB1-DC34-49D8-A26B-BEAC296CA424}
	EndGlobalSection
EndGlobal
